{
  "nodes": {
    "nixpkgs": {
      "locked": {
        "lastModified": 1722651103,
        "narHash": "sha256-IRiJA0NVAoyaZeKZluwfb2DoTpBAj+FLI0KfybBeDU0=",
        "rev": "a633d89c6dc9a2a8aae11813a62d7c58b2c0cc51",
        "revCount": 633693,
        "type": "tarball",
        "url": "https://api.flakehub.com/f/pinned/NixOS/nixpkgs/0.2405.633693%2Brev-a633d89c6dc9a2a8aae11813a62d7c58b2c0cc51/01911d77-7c3c-7b12-acd1-58c4d58f71a8/source.tar.gz"
      },
      "original": {
        "type": "tarball",
        "url": "https://flakehub.com/f/NixOS/nixpkgs/%2A"
      }
    },
    "root": {
      "inputs": {
        "nixpkgs": "nixpkgs"
      }
    }
  },
  "root": "root",
  "version": 7
}
